
Microsoft Visual Studio Solution File, Format Version 12.00
# Visual Studio Version 16
VisualStudioVersion = 16.0.29709.97
MinimumVisualStudioVersion = 10.0.40219.1
Project("{9A19103F-16F7-4668-BE54-9A1E7A4F7556}") = "Scrumler.WebApi", "Scrumler.WebApi\Scrumler.WebApi.csproj", "{82B6E99E-145B-4877-BA85-E700E284AEC3}"
EndProject
Project("{9A19103F-16F7-4668-BE54-9A1E7A4F7556}") = "Scrumler.Dal", "Scrumler.Dal\Scrumler.Dal.csproj", "{82025CAC-4334-4640-9563-597E470BC520}"
EndProject
Project("{9A19103F-16F7-4668-BE54-9A1E7A4F7556}") = "Scrumler.Bll", "Scrumler.Bll\Scrumler.Bll.csproj", "{2A190089-1930-4954-AFCB-004323B97F4B}"
EndProject
Project("{9A19103F-16F7-4668-BE54-9A1E7A4F7556}") = "Scrumler.Entity", "Scrumler.Entity\Scrumler.Entity.csproj", "{4F767A7F-9BF7-49E9-A568-7670263C0B90}"
EndProject
Project("{9A19103F-16F7-4668-BE54-9A1E7A4F7556}") = "Scrumler.Interface", "Scrumler.Interface\Scrumler.Interface.csproj", "{B81D5F34-4404-4291-8736-451E6B7CF69A}"
EndProject
Global
	GlobalSection(SolutionConfigurationPlatforms) = preSolution
		Debug|Any CPU = Debug|Any CPU
		Release|Any CPU = Release|Any CPU
	EndGlobalSection
	GlobalSection(ProjectConfigurationPlatforms) = postSolution
		{82B6E99E-145B-4877-BA85-E700E284AEC3}.Debug|Any CPU.ActiveCfg = Debug|Any CPU
		{82B6E99E-145B-4877-BA85-E700E284AEC3}.Debug|Any CPU.Build.0 = Debug|Any CPU
		{82B6E99E-145B-4877-BA85-E700E284AEC3}.Release|Any CPU.ActiveCfg = Release|Any CPU
		{82B6E99E-145B-4877-BA85-E700E284AEC3}.Release|Any CPU.Build.0 = Release|Any CPU
		{82025CAC-4334-4640-9563-597E470BC520}.Debug|Any CPU.ActiveCfg = Debug|Any CPU
		{82025CAC-4334-4640-9563-597E470BC520}.Debug|Any CPU.Build.0 = Debug|Any CPU
		{82025CAC-4334-4640-9563-597E470BC520}.Release|Any CPU.ActiveCfg = Release|Any CPU
		{82025CAC-4334-4640-9563-597E470BC520}.Release|Any CPU.Build.0 = Release|Any CPU
		{2A190089-1930-4954-AFCB-004323B97F4B}.Debug|Any CPU.ActiveCfg = Debug|Any CPU
		{2A190089-1930-4954-AFCB-004323B97F4B}.Debug|Any CPU.Build.0 = Debug|Any CPU
		{2A190089-1930-4954-AFCB-004323B97F4B}.Release|Any CPU.ActiveCfg = Release|Any CPU
		{2A190089-1930-4954-AFCB-004323B97F4B}.Release|Any CPU.Build.0 = Release|Any CPU
		{4F767A7F-9BF7-49E9-A568-7670263C0B90}.Debug|Any CPU.ActiveCfg = Debug|Any CPU
		{4F767A7F-9BF7-49E9-A568-7670263C0B90}.Debug|Any CPU.Build.0 = Debug|Any CPU
		{4F767A7F-9BF7-49E9-A568-7670263C0B90}.Release|Any CPU.ActiveCfg = Release|Any CPU
		{4F767A7F-9BF7-49E9-A568-7670263C0B90}.Release|Any CPU.Build.0 = Release|Any CPU
		{B81D5F34-4404-4291-8736-451E6B7CF69A}.Debug|Any CPU.ActiveCfg = Debug|Any CPU
		{B81D5F34-4404-4291-8736-451E6B7CF69A}.Debug|Any CPU.Build.0 = Debug|Any CPU
		{B81D5F34-4404-4291-8736-451E6B7CF69A}.Release|Any CPU.ActiveCfg = Release|Any CPU
		{B81D5F34-4404-4291-8736-451E6B7CF69A}.Release|Any CPU.Build.0 = Release|Any CPU
	EndGlobalSection
	GlobalSection(SolutionProperties) = preSolution
		HideSolutionNode = FALSE
	EndGlobalSection
	GlobalSection(ExtensibilityGlobals) = postSolution
		SolutionGuid = {7DAA9C21-C4A3-4C3A-9DB3-80AA895FCB52}
	EndGlobalSection
EndGlobal
